{
  "name": "sixornot-tests",
  "version": "2.0.0",
  "lockfileVersion": 1,
  "requires": true,
  "dependencies": {
    "knockout": {
      "version": "3.5.0-beta",
      "resolved": "https://registry.npmjs.org/knockout/-/knockout-3.5.0-beta.tgz",
      "integrity": "sha512-2RutDNYaCivUhnTtfV8WjgtMleLpbxzDbFkRp4/hI8dZEVerHwtvhmZ7rke0NRdj/bKK3coz41ckeiRNC68AsQ=="
    },
    "knockout-mapping": {
      "version": "2.6.0",
      "resolved": "https://registry.npmjs.org/knockout-mapping/-/knockout-mapping-2.6.0.tgz",
      "integrity": "sha1-BSdZ0B7PMNSUfo6+ZK0sgpM/Bv8="
    }
  }
}
